// !$*UTF8*$!
{
	archiveVersion = 1;
	classes = {
	};
	objectVersion = 46;
	objects = {

/* Begin PBXBuildFile section */
		70FC284E19B58E4500C261C9 /* Foundation.framework in Frameworks */ = {isa = PBXBuildFile; fileRef = 70FC284D19B58E4500C261C9 /* Foundation.framework */; };
		70FC285019B58E4500C261C9 /* CoreGraphics.framework in Frameworks */ = {isa = PBXBuildFile; fileRef = 70FC284F19B58E4500C261C9 /* CoreGraphics.framework */; };
		70FC285219B58E4500C261C9 /* UIKit.framework in Frameworks */ = {isa = PBXBuildFile; fileRef = 70FC285119B58E4500C261C9 /* UIKit.framework */; };
		70FC285819B58E4500C261C9 /* InfoPlist.strings in Resources */ = {isa = PBXBuildFile; fileRef = 70FC285619B58E4500C261C9 /* InfoPlist.strings */; };
		70FC285A19B58E4500C261C9 /* main.m in Sources */ = {isa = PBXBuildFile; fileRef = 70FC285919B58E4500C261C9 /* main.m */; };
		70FC285E19B58E4500C261C9 /* KVOdemoAppDelegate.m in Sources */ = {isa = PBXBuildFile; fileRef = 70FC285D19B58E4500C261C9 /* KVOdemoAppDelegate.m */; };
		70FC286019B58E4500C261C9 /* Images.xcassets in Resources */ = {isa = PBXBuildFile; fileRef = 70FC285F19B58E4500C261C9 /* Images.xcassets */; };
		70FC286719B58E4500C261C9 /* XCTest.framework in Frameworks */ = {isa = PBXBuildFile; fileRef = 70FC286619B58E4500C261C9 /* XCTest.framework */; };
		70FC286819B58E4500C261C9 /* Foundation.framework in Frameworks */ = {isa = PBXBuildFile; fileRef = 70FC284D19B58E4500C261C9 /* Foundation.framework */; };
		70FC286919B58E4500C261C9 /* UIKit.framework in Frameworks */ = {isa = PBXBuildFile; fileRef = 70FC285119B58E4500C261C9 /* UIKit.framework */; };
		70FC287119B58E4500C261C9 /* InfoPlist.strings in Resources */ = {isa = PBXBuildFile; fileRef = 70FC286F19B58E4500C261C9 /* InfoPlist.strings */; };
		70FC287319B58E4500C261C9 /* KVODemoTests.m in Sources */ = {isa = PBXBuildFile; fileRef = 70FC287219B58E4500C261C9 /* KVODemoTests.m */; };
		70FC287E19B58E5E00C261C9 /* RootViewController.m in Sources */ = {isa = PBXBuildFile; fileRef = 70FC287D19B58E5E00C261C9 /* RootViewController.m */; };
		70FC288119B58F2B00C261C9 /* Person.m in Sources */ = {isa = PBXBuildFile; fileRef = 70FC288019B58F2B00C261C9 /* Person.m */; };
/* End PBXBuildFile section */

/* Begin PBXContainerItemProxy section */
		70FC286A19B58E4500C261C9 /* PBXContainerItemProxy */ = {
			isa = PBXContainerItemProxy;
			containerPortal = 70FC284219B58E4500C261C9 /* Project object */;
			proxyType = 1;
			remoteGlobalIDString = 70FC284919B58E4500C261C9;
			remoteInfo = KVODemo;
		};
/* End PBXContainerItemProxy section */

/* Begin PBXFileReference section */
		70FC284A19B58E4500C261C9 /* KVODemo.app */ = {isa = PBXFileReference; explicitFileType = wrapper.application; includeInIndex = 0; path = KVODemo.app; sourceTree = BUILT_PRODUCTS_DIR; };
		70FC284D19B58E4500C261C9 /* Foundation.framework */ = {isa = PBXFileReference; lastKnownFileType = wrapper.framework; name = Foundation.framework; path = System/Library/Frameworks/Foundation.framework; sourceTree = SDKROOT; };
		70FC284F19B58E4500C261C9 /* CoreGraphics.framework */ = {isa = PBXFileReference; lastKnownFileType = wrapper.framework; name = CoreGraphics.framework; path = System/Library/Frameworks/CoreGraphics.framework; sourceTree = SDKROOT; };
		70FC285119B58E4500C261C9 /* UIKit.framework */ = {isa = PBXFileReference; lastKnownFileType = wrapper.framework; name = UIKit.framework; path = System/Library/Frameworks/UIKit.framework; sourceTree = SDKROOT; };
		70FC285519B58E4500C261C9 /* KVODemo-Info.plist */ = {isa = PBXFileReference; lastKnownFileType = text.plist.xml; path = "KVODemo-Info.plist"; sourceTree = "<group>"; };
		70FC285719B58E4500C261C9 /* en */ = {isa = PBXFileReference; lastKnownFileType = text.plist.strings; name = en; path = en.lproj/InfoPlist.strings; sourceTree = "<group>"; };
		70FC285919B58E4500C261C9 /* main.m */ = {isa = PBXFileReference; lastKnownFileType = sourcecode.c.objc; path = main.m; sourceTree = "<group>"; };
		70FC285B19B58E4500C261C9 /* KVODemo-Prefix.pch */ = {isa = PBXFileReference; lastKnownFileType = sourcecode.c.h; path = "KVODemo-Prefix.pch"; sourceTree = "<group>"; };
		70FC285C19B58E4500C261C9 /* KVOdemoAppDelegate.h */ = {isa = PBXFileReference; lastKnownFileType = sourcecode.c.h; path = KVOdemoAppDelegate.h; sourceTree = "<group>"; };
		70FC285D19B58E4500C261C9 /* KVOdemoAppDelegate.m */ = {isa = PBXFileReference; lastKnownFileType = sourcecode.c.objc; path = KVOdemoAppDelegate.m; sourceTree = "<group>"; };
		70FC285F19B58E4500C261C9 /* Images.xcassets */ = {isa = PBXFileReference; lastKnownFileType = folder.assetcatalog; path = Images.xcassets; sourceTree = "<group>"; };
		70FC286519B58E4500C261C9 /* KVODemoTests.xctest */ = {isa = PBXFileReference; explicitFileType = wrapper.cfbundle; includeInIndex = 0; path = KVODemoTests.xctest; sourceTree = BUILT_PRODUCTS_DIR; };
		70FC286619B58E4500C261C9 /* XCTest.framework */ = {isa = PBXFileReference; lastKnownFileType = wrapper.framework; name = XCTest.framework; path = Library/Frameworks/XCTest.framework; sourceTree = DEVELOPER_DIR; };
		70FC286E19B58E4500C261C9 /* KVODemoTests-Info.plist */ = {isa = PBXFileReference; lastKnownFileType = text.plist.xml; path = "KVODemoTests-Info.plist"; sourceTree = "<group>"; };
		70FC287019B58E4500C261C9 /* en */ = {isa = PBXFileReference; lastKnownFileType = text.plist.strings; name = en; path = en.lproj/InfoPlist.strings; sourceTree = "<group>"; };
		70FC287219B58E4500C261C9 /* KVODemoTests.m */ = {isa = PBXFileReference; lastKnownFileType = sourcecode.c.objc; path = KVODemoTests.m; sourceTree = "<group>"; };
		70FC287C19B58E5E00C261C9 /* RootViewController.h */ = {isa = PBXFileReference; fileEncoding = 4; lastKnownFileType = sourcecode.c.h; path = RootViewController.h; sourceTree = "<group>"; };
		70FC287D19B58E5E00C261C9 /* RootViewController.m */ = {isa = PBXFileReference; fileEncoding = 4; lastKnownFileType = sourcecode.c.objc; path = RootViewController.m; sourceTree = "<group>"; };
		70FC287F19B58F2B00C261C9 /* Person.h */ = {isa = PBXFileReference; fileEncoding = 4; lastKnownFileType = sourcecode.c.h; path = Person.h; sourceTree = "<group>"; };
		70FC288019B58F2B00C261C9 /* Person.m */ = {isa = PBXFileReference; fileEncoding = 4; lastKnownFileType = sourcecode.c.objc; path = Person.m; sourceTree = "<group>"; };
/* End PBXFileReference section */

/* Begin PBXFrameworksBuildPhase section */
		70FC284719B58E4500C261C9 /* Frameworks */ = {
			isa = PBXFrameworksBuildPhase;
			buildActionMask = 2147483647;
			files = (
				70FC285019B58E4500C261C9 /* CoreGraphics.framework in Frameworks */,
				70FC285219B58E4500C261C9 /* UIKit.framework in Frameworks */,
				70FC284E19B58E4500C261C9 /* Foundation.framework in Frameworks */,
			);
			runOnlyForDeploymentPostprocessing = 0;
		};
		70FC286219B58E4500C261C9 /* Frameworks */ = {
			isa = PBXFrameworksBuildPhase;
			buildActionMask = 2147483647;
			files = (
				70FC286719B58E4500C261C9 /* XCTest.framework in Frameworks */,
				70FC286919B58E4500C261C9 /* UIKit.framework in Frameworks */,
				70FC286819B58E4500C261C9 /* Foundation.framework in Frameworks */,
			);
			runOnlyForDeploymentPostprocessing = 0;
		};
/* End PBXFrameworksBuildPhase section */

/* Begin PBXGroup section */
		70FC284119B58E4500C261C9 = {
			isa = PBXGroup;
			children = (
				70FC285319B58E4500C261C9 /* KVODemo */,
				70FC286C19B58E4500C261C9 /* KVODemoTests */,
				70FC284C19B58E4500C261C9 /* Frameworks */,
				70FC284B19B58E4500C261C9 /* Products */,
			);
			sourceTree = "<group>";
		};
		70FC284B19B58E4500C261C9 /* Products */ = {
			isa = PBXGroup;
			children = (
				70FC284A19B58E4500C261C9 /* KVODemo.app */,
				70FC286519B58E4500C261C9 /* KVODemoTests.xctest */,
			);
			name = Products;
			sourceTree = "<group>";
		};
		70FC284C19B58E4500C261C9 /* Frameworks */ = {
			isa = PBXGroup;
			children = (
				70FC284D19B58E4500C261C9 /* Foundation.framework */,
				70FC284F19B58E4500C261C9 /* CoreGraphics.framework */,
				70FC285119B58E4500C261C9 /* UIKit.framework */,
				70FC286619B58E4500C261C9 /* XCTest.framework */,
			);
			name = Frameworks;
			sourceTree = "<group>";
		};
		70FC285319B58E4500C261C9 /* KVODemo */ = {
			isa = PBXGroup;
			children = (
				70FC285C19B58E4500C261C9 /* KVOdemoAppDelegate.h */,
				70FC285D19B58E4500C261C9 /* KVOdemoAppDelegate.m */,
				70FC287C19B58E5E00C261C9 /* RootViewController.h */,
				70FC287D19B58E5E00C261C9 /* RootViewController.m */,
				70FC287F19B58F2B00C261C9 /* Person.h */,
				70FC288019B58F2B00C261C9 /* Person.m */,
				70FC285F19B58E4500C261C9 /* Images.xcassets */,
				70FC285419B58E4500C261C9 /* Supporting Files */,
			);
			path = KVODemo;
			sourceTree = "<group>";
		};
		70FC285419B58E4500C261C9 /* Supporting Files */ = {
			isa = PBXGroup;
			children = (
				70FC285519B58E4500C261C9 /* KVODemo-Info.plist */,
				70FC285619B58E4500C261C9 /* InfoPlist.strings */,
				70FC285919B58E4500C261C9 /* main.m */,
				70FC285B19B58E4500C261C9 /* KVODemo-Prefix.pch */,
			);
			name = "Supporting Files";
			sourceTree = "<group>";
		};
		70FC286C19B58E4500C261C9 /* KVODemoTests */ = {
			isa = PBXGroup;
			children = (
				70FC287219B58E4500C261C9 /* KVODemoTests.m */,
				70FC286D19B58E4500C261C9 /* Supporting Files */,
			);
			path = KVODemoTests;
			sourceTree = "<group>";
		};
		70FC286D19B58E4500C261C9 /* Supporting Files */ = {
			isa = PBXGroup;
			children = (
				70FC286E19B58E4500C261C9 /* KVODemoTests-Info.plist */,
				70FC286F19B58E4500C261C9 /* InfoPlist.strings */,
			);
			name = "Supporting Files";
			sourceTree = "<group>";
		};
/* End PBXGroup section */

/* Begin PBXNativeTarget section */
		70FC284919B58E4500C261C9 /* KVODemo */ = {
			isa = PBXNativeTarget;
			buildConfigurationList = 70FC287619B58E4500C261C9 /* Build configuration list for PBXNativeTarget "KVODemo" */;
			buildPhases = (
				70FC284619B58E4500C261C9 /* Sources */,
				70FC284719B58E4500C261C9 /* Frameworks */,
				70FC284819B58E4500C261C9 /* Resources */,
			);
			buildRules = (
			);
			dependencies = (
			);
			name = KVODemo;
			productName = KVODemo;
			productReference = 70FC284A19B58E4500C261C9 /* KVODemo.app */;
			productType = "com.apple.product-type.application";
		};
		70FC286419B58E4500C261C9 /* KVODemoTests */ = {
			isa = PBXNativeTarget;
			buildConfigurationList = 70FC287919B58E4500C261C9 /* Build configuration list for PBXNativeTarget "KVODemoTests" */;
			buildPhases = (
				70FC286119B58E4500C261C9 /* Sources */,
				70FC286219B58E4500C261C9 /* Frameworks */,
				70FC286319B58E4500C261C9 /* Resources */,
			);
			buildRules = (
			);
			dependencies = (
				70FC286B19B58E4500C261C9 /* PBXTargetDependency */,
			);
			name = KVODemoTests;
			productName = KVODemoTests;
			productReference = 70FC286519B58E4500C261C9 /* KVODemoTests.xctest */;
			productType = "com.apple.product-type.bundle.unit-test";
		};
/* End PBXNativeTarget section */

/* Begin PBXProject section */
		70FC284219B58E4500C261C9 /* Project object */ = {
			isa = PBXProject;
			attributes = {
				CLASSPREFIX = KVOdemo;
				LastUpgradeCheck = 0510;
				ORGANIZATIONNAME = "Ren Guohua";
				TargetAttributes = {
					70FC286419B58E4500C261C9 = {
						TestTargetID = 70FC284919B58E4500C261C9;
					};
				};
			};
			buildConfigurationList = 70FC284519B58E4500C261C9 /* Build configuration list for PBXProject "KVODemo" */;
			compatibilityVersion = "Xcode 3.2";
			developmentRegion = English;
			hasScannedForEncodings = 0;
			knownRegions = (
				en,
			);
			mainGroup = 70FC284119B58E4500C261C9;
			productRefGroup = 70FC284B19B58E4500C261C9 /* Products */;
			projectDirPath = "";
			projectRoot = "";
			targets = (
				70FC284919B58E4500C261C9 /* KVODemo */,
				70FC286419B58E4500C261C9 /* KVODemoTests */,
			);
		};
/* End PBXProject section */

/* Begin PBXResourcesBuildPhase section */
		70FC284819B58E4500C261C9 /* Resources */ = {
			isa = PBXResourcesBuildPhase;
			buildActionMask = 2147483647;
			files = (
				70FC285819B58E4500C261C9 /* InfoPlist.strings in Resources */,
				70FC286019B58E4500C261C9 /* Images.xcassets in Resources */,
			);
			runOnlyForDeploymentPostprocessing = 0;
		};
		70FC286319B58E4500C261C9 /* Resources */ = {
			isa = PBXResourcesBuildPhase;
			buildActionMask = 2147483647;
			files = (
				70FC287119B58E4500C261C9 /* InfoPlist.strings in Resources */,
			);
			runOnlyForDeploymentPostprocessing = 0;
		};
/* End PBXResourcesBuildPhase section */

/* Begin PBXSourcesBuildPhase section */
		70FC284619B58E4500C261C9 /* Sources */ = {
			isa = PBXSourcesBuildPhase;
			buildActionMask = 2147483647;
			files = (
				70FC285E19B58E4500C261C9 /* KVOdemoAppDelegate.m in Sources */,
				70FC285A19B58E4500C261C9 /* main.m in Sources */,
				70FC288119B58F2B00C261C9 /* Person.m in Sources */,
				70FC287E19B58E5E00C261C9 /* RootViewController.m in Sources */,
			);
			runOnlyForDeploymentPostprocessing = 0;
		};
		70FC286119B58E4500C261C9 /* Sources */ = {
			isa = PBXSourcesBuildPhase;
			buildActionMask = 2147483647;
			files = (
				70FC287319B58E4500C261C9 /* KVODemoTests.m in Sources */,
			);
			runOnlyForDeploymentPostprocessing = 0;
		};
/* End PBXSourcesBuildPhase section */

/* Begin PBXTargetDependency section */
		70FC286B19B58E4500C261C9 /* PBXTargetDependency */ = {
			isa = PBXTargetDependency;
			target = 70FC284919B58E4500C261C9 /* KVODemo */;
			targetProxy = 70FC286A19B58E4500C261C9 /* PBXContainerItemProxy */;
		};
/* End PBXTargetDependency section */

/* Begin PBXVariantGroup section */
		70FC285619B58E4500C261C9 /* InfoPlist.strings */ = {
			isa = PBXVariantGroup;
			children = (
				70FC285719B58E4500C261C9 /* en */,
			);
			name = InfoPlist.strings;
			sourceTree = "<group>";
		};
		70FC286F19B58E4500C261C9 /* InfoPlist.strings */ = {
			isa = PBXVariantGroup;
			children = (
				70FC287019B58E4500C261C9 /* en */,
			);
			name = InfoPlist.strings;
			sourceTree = "<group>";
		};
/* End PBXVariantGroup section */

/* Begin XCBuildConfiguration section */
		70FC287419B58E4500C261C9 /* Debug */ = {
			isa = XCBuildConfiguration;
			buildSettings = {
				ALWAYS_SEARCH_USER_PATHS = NO;
				CLANG_CXX_LANGUAGE_STANDARD = "gnu++0x";
				CLANG_CXX_LIBRARY = "libc++";
				CLANG_ENABLE_MODULES = YES;
				CLANG_ENABLE_OBJC_ARC = YES;
				CLANG_WARN_BOOL_CONVERSION = YES;
				CLANG_WARN_CONSTANT_CONVERSION = YES;
				CLANG_WARN_DIRECT_OBJC_ISA_USAGE = YES_ERROR;
				CLANG_WARN_EMPTY_BODY = YES;
				CLANG_WARN_ENUM_CONVERSION = YES;
				CLANG_WARN_INT_CONVERSION = YES;
				CLANG_WARN_OBJC_ROOT_CLASS = YES_ERROR;
				CLANG_WARN__DUPLICATE_METHOD_MATCH = YES;
				"CODE_SIGN_IDENTITY[sdk=iphoneos*]" = "iPhone Developer";
				COPY_PHASE_STRIP = NO;
				GCC_C_LANGUAGE_STANDARD = gnu99;
				GCC_DYNAMIC_NO_PIC = NO;
				GCC_OPTIMIZATION_LEVEL = 0;
				GCC_PREPROCESSOR_DEFINITIONS = (
					"DEBUG=1",
					"$(inherited)",
				);
				GCC_SYMBOLS_PRIVATE_EXTERN = NO;
				GCC_WARN_64_TO_32_BIT_CONVERSION = YES;
				GCC_WARN_ABOUT_RETURN_TYPE = YES_ERROR;
				GCC_WARN_UNDECLARED_SELECTOR = YES;
				GCC_WARN_UNINITIALIZED_AUTOS = YES_AGGRESSIVE;
				GCC_WARN_UNUSED_FUNCTION = YES;
				GCC_WARN_UNUSED_VARIABLE = YES;
				IPHONEOS_DEPLOYMENT_TARGET = 7.1;
				ONLY_ACTIVE_ARCH = YES;
				SDKROOT = iphoneos;
			};
			name = Debug;
		};
		70FC287519B58E4500C261C9 /* Release */ = {
			isa = XCBuildConfiguration;
			buildSettings = {
				ALWAYS_SEARCH_USER_PATHS = NO;
				CLANG_CXX_LANGUAGE_STANDARD = "gnu++0x";
				CLANG_CXX_LIBRARY = "libc++";
				CLANG_ENABLE_MODULES = YES;
				CLANG_ENABLE_OBJC_ARC = YES;
				CLANG_WARN_BOOL_CONVERSION = YES;
				CLANG_WARN_CONSTANT_CONVERSION = YES;
				CLANG_WARN_DIRECT_OBJC_ISA_USAGE = YES_ERROR;
				CLANG_WARN_EMPTY_BODY = YES;
				CLANG_WARN_ENUM_CONVERSION = YES;
				CLANG_WARN_INT_CONVERSION = YES;
				CLANG_WARN_OBJC_ROOT_CLASS = YES_ERROR;
				CLANG_WARN__DUPLICATE_METHOD_MATCH = YES;
				"CODE_SIGN_IDENTITY[sdk=iphoneos*]" = "iPhone Developer";
				COPY_PHASE_STRIP = YES;
				ENABLE_NS_ASSERTIONS = NO;
				GCC_C_LANGUAGE_STANDARD = gnu99;
				GCC_WARN_64_TO_32_BIT_CONVERSION = YES;
				GCC_WARN_ABOUT_RETURN_TYPE = YES_ERROR;
				GCC_WARN_UNDECLARED_SELECTOR = YES;
				GCC_WARN_UNINITIALIZED_AUTOS = YES_AGGRESSIVE;
				GCC_WARN_UNUSED_FUNCTION = YES;
				GCC_WARN_UNUSED_VARIABLE = YES;
				IPHONEOS_DEPLOYMENT_TARGET = 7.1;
				SDKROOT = iphoneos;
				VALIDATE_PRODUCT = YES;
			};
			name = Release;
		};
		70FC287719B58E4500C261C9 /* Debug */ = {
			isa = XCBuildConfiguration;
			buildSettings = {
				ASSETCATALOG_COMPILER_APPICON_NAME = AppIcon;
				ASSETCATALOG_COMPILER_LAUNCHIMAGE_NAME = LaunchImage;
				GCC_PRECOMPILE_PREFIX_HEADER = YES;
				GCC_PREFIX_HEADER = "KVODemo/KVODemo-Prefix.pch";
				INFOPLIST_FILE = "KVODemo/KVODemo-Info.plist";
				PRODUCT_NAME = "$(TARGET_NAME)";
				WRAPPER_EXTENSION = app;
			};
			name = Debug;
		};
		70FC287819B58E4500C261C9 /* Release */ = {
			isa = XCBuildConfiguration;
			buildSettings = {
				ASSETCATALOG_COMPILER_APPICON_NAME = AppIcon;
				ASSETCATALOG_COMPILER_LAUNCHIMAGE_NAME = LaunchImage;
				GCC_PRECOMPILE_PREFIX_HEADER = YES;
				GCC_PREFIX_HEADER = "KVODemo/KVODemo-Prefix.pch";
				INFOPLIST_FILE = "KVODemo/KVODemo-Info.plist";
				PRODUCT_NAME = "$(TARGET_NAME)";
				WRAPPER_EXTENSION = app;
			};
			name = Release;
		};
		70FC287A19B58E4500C261C9 /* Debug */ = {
			isa = XCBuildConfiguration;
			buildSettings = {
				BUNDLE_LOADER = "$(BUILT_PRODUCTS_DIR)/KVODemo.app/KVODemo";
				FRAMEWORK_SEARCH_PATHS = (
					"$(SDKROOT)/Developer/Library/Frameworks",
					"$(inherited)",
					"$(DEVELOPER_FRAMEWORKS_DIR)",
				);
				GCC_PRECOMPILE_PREFIX_HEADER = YES;
				GCC_PREFIX_HEADER = "KVODemo/KVODemo-Prefix.pch";
				GCC_PREPROCESSOR_DEFINITIONS = (
					"DEBUG=1",
					"$(inherited)",
				);
				INFOPLIST_FILE = "KVODemoTests/KVODemoTests-Info.plist";
				PRODUCT_NAME = "$(TARGET_NAME)";
				TEST_HOST = "$(BUNDLE_LOADER)";
				WRAPPER_EXTENSION = xctest;
			};
			name = Debug;
		};
		70FC287B19B58E4500C261C9 /* Release */ = {
			isa = XCBuildConfiguration;
			buildSettings = {
				BUNDLE_LOADER = "$(BUILT_PRODUCTS_DIR)/KVODemo.app/KVODemo";
				FRAMEWORK_SEARCH_PATHS = (
					"$(SDKROOT)/Developer/Library/Frameworks",
					"$(inherited)",
					"$(DEVELOPER_FRAMEWORKS_DIR)",
				);
				GCC_PRECOMPILE_PREFIX_HEADER = YES;
				GCC_PREFIX_HEADER = "KVODemo/KVODemo-Prefix.pch";
				INFOPLIST_FILE = "KVODemoTests/KVODemoTests-Info.plist";
				PRODUCT_NAME = "$(TARGET_NAME)";
				TEST_HOST = "$(BUNDLE_LOADER)";
				WRAPPER_EXTENSION = xctest;
			};
			name = Release;
		};
/* End XCBuildConfiguration section */

/* Begin XCConfigurationList section */
		70FC284519B58E4500C261C9 /* Build configuration list for PBXProject "KVODemo" */ = {
			isa = XCConfigurationList;
			buildConfigurations = (
				70FC287419B58E4500C261C9 /* Debug */,
				70FC287519B58E4500C261C9 /* Release */,
			);
			defaultConfigurationIsVisible = 0;
			defaultConfigurationName = Release;
		};
		70FC287619B58E4500C261C9 /* Build configuration list for PBXNativeTarget "KVODemo" */ = {
			isa = XCConfigurationList;
			buildConfigurations = (
				70FC287719B58E4500C261C9 /* Debug */,
				70FC287819B58E4500C261C9 /* Release */,
			);
			defaultConfigurationIsVisible = 0;
		};
		70FC287919B58E4500C261C9 /* Build configuration list for PBXNativeTarget "KVODemoTests" */ = {
			isa = XCConfigurationList;
			buildConfigurations = (
				70FC287A19B58E4500C261C9 /* Debug */,
				70FC287B19B58E4500C261C9 /* Release */,
			);
			defaultConfigurationIsVisible = 0;
		};
/* End XCConfigurationList section */
	};
	rootObject = 70FC284219B58E4500C261C9 /* Project object */;
}
